
Microsoft Visual Studio Solution File, Format Version 12.00
# Visual Studio Version 17
VisualStudioVersion = 17.14.36623.8
MinimumVisualStudioVersion = 10.0.40219.1
Project("{FAE04EC0-301F-11D3-BF4B-00C04F79EFBC}") = "Cinema.WinForms", "Cinema.WinForms\Cinema.WinForms.csproj", "{5D03AA6D-E684-46A0-9E21-90A0502FE374}"
EndProject
Project("{FAE04EC0-301F-11D3-BF4B-00C04F79EFBC}") = "Cinema.Domain", "Cinema.Domain\Cinema.Domain.csproj", "{1C42C5C2-821D-4B6A-8B98-B8286C38A4D2}"
EndProject
Project("{FAE04EC0-301F-11D3-BF4B-00C04F79EFBC}") = "Cinema.Infrastructure", "Cinema.Infrastructure\Cinema.Infrastructure.csproj", "{8502CA01-2822-47E7-A9A9-8B560613D07F}"
EndProject
Global
	GlobalSection(SolutionConfigurationPlatforms) = preSolution
		Debug|Any CPU = Debug|Any CPU
		Release|Any CPU = Release|Any CPU
	EndGlobalSection
	GlobalSection(ProjectConfigurationPlatforms) = postSolution
		{5D03AA6D-E684-46A0-9E21-90A0502FE374}.Debug|Any CPU.ActiveCfg = Debug|Any CPU
		{5D03AA6D-E684-46A0-9E21-90A0502FE374}.Debug|Any CPU.Build.0 = Debug|Any CPU
		{5D03AA6D-E684-46A0-9E21-90A0502FE374}.Release|Any CPU.ActiveCfg = Release|Any CPU
		{5D03AA6D-E684-46A0-9E21-90A0502FE374}.Release|Any CPU.Build.0 = Release|Any CPU
		{1C42C5C2-821D-4B6A-8B98-B8286C38A4D2}.Debug|Any CPU.ActiveCfg = Debug|Any CPU
		{1C42C5C2-821D-4B6A-8B98-B8286C38A4D2}.Debug|Any CPU.Build.0 = Debug|Any CPU
		{1C42C5C2-821D-4B6A-8B98-B8286C38A4D2}.Release|Any CPU.ActiveCfg = Release|Any CPU
		{1C42C5C2-821D-4B6A-8B98-B8286C38A4D2}.Release|Any CPU.Build.0 = Release|Any CPU
		{8502CA01-2822-47E7-A9A9-8B560613D07F}.Debug|Any CPU.ActiveCfg = Debug|Any CPU
		{8502CA01-2822-47E7-A9A9-8B560613D07F}.Debug|Any CPU.Build.0 = Debug|Any CPU
		{8502CA01-2822-47E7-A9A9-8B560613D07F}.Release|Any CPU.ActiveCfg = Release|Any CPU
		{8502CA01-2822-47E7-A9A9-8B560613D07F}.Release|Any CPU.Build.0 = Release|Any CPU
	EndGlobalSection
	GlobalSection(SolutionProperties) = preSolution
		HideSolutionNode = FALSE
	EndGlobalSection
	GlobalSection(ExtensibilityGlobals) = postSolution
		SolutionGuid = {E81DBBCE-CED4-4822-B880-F0BCD9671D6C}
	EndGlobalSection
EndGlobal
